
Microsoft Visual Studio Solution File, Format Version 12.00
# Visual Studio Version 17
VisualStudioVersion = 17.5.002.0
MinimumVisualStudioVersion = 10.0.40219.1
Project("{9A19103F-16F7-4668-BE54-9A1E7A4F7556}") = "MtgDraftAnalyser", "MtgDraftAnalyser.csproj", "{6A9B51A7-FED9-4472-92C2-ADCB3092CF74}"
EndProject
Global
	GlobalSection(SolutionConfigurationPlatforms) = preSolution
		Debug|Any CPU = Debug|Any CPU
		Release|Any CPU = Release|Any CPU
	EndGlobalSection
	GlobalSection(ProjectConfigurationPlatforms) = postSolution
		{6A9B51A7-FED9-4472-92C2-ADCB3092CF74}.Debug|Any CPU.ActiveCfg = Debug|Any CPU
		{6A9B51A7-FED9-4472-92C2-ADCB3092CF74}.Debug|Any CPU.Build.0 = Debug|Any CPU
		{6A9B51A7-FED9-4472-92C2-ADCB3092CF74}.Release|Any CPU.ActiveCfg = Release|Any CPU
		{6A9B51A7-FED9-4472-92C2-ADCB3092CF74}.Release|Any CPU.Build.0 = Release|Any CPU
	EndGlobalSection
	GlobalSection(SolutionProperties) = preSolution
		HideSolutionNode = FALSE
	EndGlobalSection
	GlobalSection(ExtensibilityGlobals) = postSolution
		SolutionGuid = {D2C74CFF-4263-4D90-BFA4-FC9DC86D77AE}
	EndGlobalSection
EndGlobal
